
Microsoft Visual Studio Solution File, Format Version 12.00
# Visual Studio Version 16
VisualStudioVersion = 16.0.30524.135
MinimumVisualStudioVersion = 10.0.40219.1
Project("{9A19103F-16F7-4668-BE54-9A1E7A4F7556}") = "Fur.ExtensionPack", "Fur.ExtensionPack\Fur.ExtensionPack.csproj", "{97756A8B-3EBA-4C51-AE32-D9430EA4709E}"
EndProject
Project("{FAE04EC0-301F-11D3-BF4B-00C04F79EFBC}") = "Fur.ExtensionPack.Ideneity", "Fur.ExtensionPack.Ideneity\Fur.ExtensionPack.Ideneity.csproj", "{A3D9D4B6-BC95-4DDA-9072-447095B625C9}"
EndProject
Global
	GlobalSection(SolutionConfigurationPlatforms) = preSolution
		Debug|Any CPU = Debug|Any CPU
		Release|Any CPU = Release|Any CPU
	EndGlobalSection
	GlobalSection(ProjectConfigurationPlatforms) = postSolution
		{97756A8B-3EBA-4C51-AE32-D9430EA4709E}.Debug|Any CPU.ActiveCfg = Debug|Any CPU
		{97756A8B-3EBA-4C51-AE32-D9430EA4709E}.Debug|Any CPU.Build.0 = Debug|Any CPU
		{97756A8B-3EBA-4C51-AE32-D9430EA4709E}.Release|Any CPU.ActiveCfg = Release|Any CPU
		{97756A8B-3EBA-4C51-AE32-D9430EA4709E}.Release|Any CPU.Build.0 = Release|Any CPU
		{A3D9D4B6-BC95-4DDA-9072-447095B625C9}.Debug|Any CPU.ActiveCfg = Debug|Any CPU
		{A3D9D4B6-BC95-4DDA-9072-447095B625C9}.Debug|Any CPU.Build.0 = Debug|Any CPU
		{A3D9D4B6-BC95-4DDA-9072-447095B625C9}.Release|Any CPU.ActiveCfg = Release|Any CPU
		{A3D9D4B6-BC95-4DDA-9072-447095B625C9}.Release|Any CPU.Build.0 = Release|Any CPU
	EndGlobalSection
	GlobalSection(SolutionProperties) = preSolution
		HideSolutionNode = FALSE
	EndGlobalSection
	GlobalSection(ExtensibilityGlobals) = postSolution
		SolutionGuid = {EE8A9974-A324-4650-8F2A-666DF2BE7961}
	EndGlobalSection
EndGlobal
